
Microsoft Visual Studio Solution File, Format Version 12.00
# Visual Studio Version 16
VisualStudioVersion = 16.0.29509.3
MinimumVisualStudioVersion = 10.0.40219.1
Project("{9A19103F-16F7-4668-BE54-9A1E7A4F7556}") = "Day1", "Day1\Day1.csproj", "{BB05D7C3-76E1-4D32-9805-92AB3A4F56BA}"
EndProject
Project("{9A19103F-16F7-4668-BE54-9A1E7A4F7556}") = "Day2", "Day2\Day2.csproj", "{B211C62A-F252-4F8F-BC11-FCAE539A1322}"
EndProject
Project("{9A19103F-16F7-4668-BE54-9A1E7A4F7556}") = "Day3", "Day3\Day3.csproj", "{777F42A9-4164-436D-BDC5-8F95702D7233}"
EndProject
Project("{9A19103F-16F7-4668-BE54-9A1E7A4F7556}") = "Day4", "Day4\Day4.csproj", "{E22BAE69-42DA-4A20-B82B-1DDF52AE5DF8}"
EndProject
Project("{9A19103F-16F7-4668-BE54-9A1E7A4F7556}") = "Day5", "Day5\Day5.csproj", "{0C188654-97C8-495B-9D9C-06D90CC5403A}"
EndProject
Project("{9A19103F-16F7-4668-BE54-9A1E7A4F7556}") = "Day6", "Day6\Day6.csproj", "{29B0F906-79EE-4702-9F7E-738AD7D791C1}"
EndProject
Project("{9A19103F-16F7-4668-BE54-9A1E7A4F7556}") = "Day7", "Day7\Day7.csproj", "{76B1BBDC-C8DD-480E-A63C-71F44652C943}"
EndProject
Project("{9A19103F-16F7-4668-BE54-9A1E7A4F7556}") = "Day8", "Day8\Day8.csproj", "{3CC26FAB-8F2E-4314-839F-0887E715BE0A}"
EndProject
Project("{9A19103F-16F7-4668-BE54-9A1E7A4F7556}") = "IntCode", "IntCode\IntCode.csproj", "{D16A4ABC-91F8-4D26-B85F-86B5EEDEB45A}"
EndProject
Project("{9A19103F-16F7-4668-BE54-9A1E7A4F7556}") = "Day9", "Day9\Day9.csproj", "{7C088F2A-98CE-420B-BA82-32958ADB2612}"
EndProject
Project("{9A19103F-16F7-4668-BE54-9A1E7A4F7556}") = "Day11", "Day11\Day11.csproj", "{AE8B8617-3960-4976-B3BE-8B7DD2D27ABA}"
EndProject
Project("{FAE04EC0-301F-11D3-BF4B-00C04F79EFBC}") = "Day13", "Day13\Day13.csproj", "{618DF455-B4B0-4A9B-85D0-57CAA992AAA1}"
EndProject
Global
	GlobalSection(SolutionConfigurationPlatforms) = preSolution
		Debug|Any CPU = Debug|Any CPU
		Release|Any CPU = Release|Any CPU
	EndGlobalSection
	GlobalSection(ProjectConfigurationPlatforms) = postSolution
		{BB05D7C3-76E1-4D32-9805-92AB3A4F56BA}.Debug|Any CPU.ActiveCfg = Debug|Any CPU
		{BB05D7C3-76E1-4D32-9805-92AB3A4F56BA}.Debug|Any CPU.Build.0 = Debug|Any CPU
		{BB05D7C3-76E1-4D32-9805-92AB3A4F56BA}.Release|Any CPU.ActiveCfg = Release|Any CPU
		{BB05D7C3-76E1-4D32-9805-92AB3A4F56BA}.Release|Any CPU.Build.0 = Release|Any CPU
		{B211C62A-F252-4F8F-BC11-FCAE539A1322}.Debug|Any CPU.ActiveCfg = Debug|Any CPU
		{B211C62A-F252-4F8F-BC11-FCAE539A1322}.Debug|Any CPU.Build.0 = Debug|Any CPU
		{B211C62A-F252-4F8F-BC11-FCAE539A1322}.Release|Any CPU.ActiveCfg = Release|Any CPU
		{B211C62A-F252-4F8F-BC11-FCAE539A1322}.Release|Any CPU.Build.0 = Release|Any CPU
		{777F42A9-4164-436D-BDC5-8F95702D7233}.Debug|Any CPU.ActiveCfg = Debug|Any CPU
		{777F42A9-4164-436D-BDC5-8F95702D7233}.Debug|Any CPU.Build.0 = Debug|Any CPU
		{777F42A9-4164-436D-BDC5-8F95702D7233}.Release|Any CPU.ActiveCfg = Release|Any CPU
		{777F42A9-4164-436D-BDC5-8F95702D7233}.Release|Any CPU.Build.0 = Release|Any CPU
		{E22BAE69-42DA-4A20-B82B-1DDF52AE5DF8}.Debug|Any CPU.ActiveCfg = Debug|Any CPU
		{E22BAE69-42DA-4A20-B82B-1DDF52AE5DF8}.Debug|Any CPU.Build.0 = Debug|Any CPU
		{E22BAE69-42DA-4A20-B82B-1DDF52AE5DF8}.Release|Any CPU.ActiveCfg = Release|Any CPU
		{E22BAE69-42DA-4A20-B82B-1DDF52AE5DF8}.Release|Any CPU.Build.0 = Release|Any CPU
		{0C188654-97C8-495B-9D9C-06D90CC5403A}.Debug|Any CPU.ActiveCfg = Debug|Any CPU
		{0C188654-97C8-495B-9D9C-06D90CC5403A}.Debug|Any CPU.Build.0 = Debug|Any CPU
		{0C188654-97C8-495B-9D9C-06D90CC5403A}.Release|Any CPU.ActiveCfg = Release|Any CPU
		{0C188654-97C8-495B-9D9C-06D90CC5403A}.Release|Any CPU.Build.0 = Release|Any CPU
		{29B0F906-79EE-4702-9F7E-738AD7D791C1}.Debug|Any CPU.ActiveCfg = Debug|Any CPU
		{29B0F906-79EE-4702-9F7E-738AD7D791C1}.Debug|Any CPU.Build.0 = Debug|Any CPU
		{29B0F906-79EE-4702-9F7E-738AD7D791C1}.Release|Any CPU.ActiveCfg = Release|Any CPU
		{29B0F906-79EE-4702-9F7E-738AD7D791C1}.Release|Any CPU.Build.0 = Release|Any CPU
		{76B1BBDC-C8DD-480E-A63C-71F44652C943}.Debug|Any CPU.ActiveCfg = Debug|Any CPU
		{76B1BBDC-C8DD-480E-A63C-71F44652C943}.Debug|Any CPU.Build.0 = Debug|Any CPU
		{76B1BBDC-C8DD-480E-A63C-71F44652C943}.Release|Any CPU.ActiveCfg = Release|Any CPU
		{76B1BBDC-C8DD-480E-A63C-71F44652C943}.Release|Any CPU.Build.0 = Release|Any CPU
		{3CC26FAB-8F2E-4314-839F-0887E715BE0A}.Debug|Any CPU.ActiveCfg = Debug|Any CPU
		{3CC26FAB-8F2E-4314-839F-0887E715BE0A}.Debug|Any CPU.Build.0 = Debug|Any CPU
		{3CC26FAB-8F2E-4314-839F-0887E715BE0A}.Release|Any CPU.ActiveCfg = Release|Any CPU
		{3CC26FAB-8F2E-4314-839F-0887E715BE0A}.Release|Any CPU.Build.0 = Release|Any CPU
		{D16A4ABC-91F8-4D26-B85F-86B5EEDEB45A}.Debug|Any CPU.ActiveCfg = Debug|Any CPU
		{D16A4ABC-91F8-4D26-B85F-86B5EEDEB45A}.Debug|Any CPU.Build.0 = Debug|Any CPU
		{D16A4ABC-91F8-4D26-B85F-86B5EEDEB45A}.Release|Any CPU.ActiveCfg = Release|Any CPU
		{D16A4ABC-91F8-4D26-B85F-86B5EEDEB45A}.Release|Any CPU.Build.0 = Release|Any CPU
		{7C088F2A-98CE-420B-BA82-32958ADB2612}.Debug|Any CPU.ActiveCfg = Debug|Any CPU
		{7C088F2A-98CE-420B-BA82-32958ADB2612}.Debug|Any CPU.Build.0 = Debug|Any CPU
		{7C088F2A-98CE-420B-BA82-32958ADB2612}.Release|Any CPU.ActiveCfg = Release|Any CPU
		{7C088F2A-98CE-420B-BA82-32958ADB2612}.Release|Any CPU.Build.0 = Release|Any CPU
		{AE8B8617-3960-4976-B3BE-8B7DD2D27ABA}.Debug|Any CPU.ActiveCfg = Debug|Any CPU
		{AE8B8617-3960-4976-B3BE-8B7DD2D27ABA}.Debug|Any CPU.Build.0 = Debug|Any CPU
		{AE8B8617-3960-4976-B3BE-8B7DD2D27ABA}.Release|Any CPU.ActiveCfg = Release|Any CPU
		{AE8B8617-3960-4976-B3BE-8B7DD2D27ABA}.Release|Any CPU.Build.0 = Release|Any CPU
		{618DF455-B4B0-4A9B-85D0-57CAA992AAA1}.Debug|Any CPU.ActiveCfg = Debug|Any CPU
		{618DF455-B4B0-4A9B-85D0-57CAA992AAA1}.Debug|Any CPU.Build.0 = Debug|Any CPU
		{618DF455-B4B0-4A9B-85D0-57CAA992AAA1}.Release|Any CPU.ActiveCfg = Release|Any CPU
		{618DF455-B4B0-4A9B-85D0-57CAA992AAA1}.Release|Any CPU.Build.0 = Release|Any CPU
	EndGlobalSection
	GlobalSection(SolutionProperties) = preSolution
		HideSolutionNode = FALSE
	EndGlobalSection
	GlobalSection(ExtensibilityGlobals) = postSolution
		SolutionGuid = {1EE02605-5AEB-4C26-9591-CF54BEBCD578}
	EndGlobalSection
EndGlobal
