
Microsoft Visual Studio Solution File, Format Version 12.00
# Visual Studio Version 16
VisualStudioVersion = 16.0.29509.3
MinimumVisualStudioVersion = 10.0.40219.1
Project("{9A19103F-16F7-4668-BE54-9A1E7A4F7556}") = "Day1", "Day1\Day1.csproj", "{BB05D7C3-76E1-4D32-9805-92AB3A4F56BA}"
	ProjectSection(ProjectDependencies) = postProject
		{4E5391D3-B370-4401-8F58-E68D66F28304} = {4E5391D3-B370-4401-8F58-E68D66F28304}
	EndProjectSection
EndProject
Project("{9A19103F-16F7-4668-BE54-9A1E7A4F7556}") = "Utils", "Utils\Utils.csproj", "{4E5391D3-B370-4401-8F58-E68D66F28304}"
EndProject
Project("{FAE04EC0-301F-11D3-BF4B-00C04F79EFBC}") = "Day2", "Day2\Day2.csproj", "{B211C62A-F252-4F8F-BC11-FCAE539A1322}"
EndProject
Global
	GlobalSection(SolutionConfigurationPlatforms) = preSolution
		Debug|Any CPU = Debug|Any CPU
		Release|Any CPU = Release|Any CPU
	EndGlobalSection
	GlobalSection(ProjectConfigurationPlatforms) = postSolution
		{BB05D7C3-76E1-4D32-9805-92AB3A4F56BA}.Debug|Any CPU.ActiveCfg = Debug|Any CPU
		{BB05D7C3-76E1-4D32-9805-92AB3A4F56BA}.Debug|Any CPU.Build.0 = Debug|Any CPU
		{BB05D7C3-76E1-4D32-9805-92AB3A4F56BA}.Release|Any CPU.ActiveCfg = Release|Any CPU
		{BB05D7C3-76E1-4D32-9805-92AB3A4F56BA}.Release|Any CPU.Build.0 = Release|Any CPU
		{4E5391D3-B370-4401-8F58-E68D66F28304}.Debug|Any CPU.ActiveCfg = Debug|Any CPU
		{4E5391D3-B370-4401-8F58-E68D66F28304}.Debug|Any CPU.Build.0 = Debug|Any CPU
		{4E5391D3-B370-4401-8F58-E68D66F28304}.Release|Any CPU.ActiveCfg = Release|Any CPU
		{4E5391D3-B370-4401-8F58-E68D66F28304}.Release|Any CPU.Build.0 = Release|Any CPU
		{B211C62A-F252-4F8F-BC11-FCAE539A1322}.Debug|Any CPU.ActiveCfg = Debug|Any CPU
		{B211C62A-F252-4F8F-BC11-FCAE539A1322}.Debug|Any CPU.Build.0 = Debug|Any CPU
		{B211C62A-F252-4F8F-BC11-FCAE539A1322}.Release|Any CPU.ActiveCfg = Release|Any CPU
		{B211C62A-F252-4F8F-BC11-FCAE539A1322}.Release|Any CPU.Build.0 = Release|Any CPU
	EndGlobalSection
	GlobalSection(SolutionProperties) = preSolution
		HideSolutionNode = FALSE
	EndGlobalSection
	GlobalSection(ExtensibilityGlobals) = postSolution
		SolutionGuid = {1EE02605-5AEB-4C26-9591-CF54BEBCD578}
	EndGlobalSection
EndGlobal
